
Microsoft Visual Studio Solution File, Format Version 12.00
# Visual Studio 15
VisualStudioVersion = 15.0.26124.0
MinimumVisualStudioVersion = 15.0.26124.0
Project("{2150E333-8FDC-42A3-9474-1A3956D46DE8}") = "src", "src", "{18EC8019-273B-4281-A2CC-5A0B523CAEFD}"
EndProject
Project("{FAE04EC0-301F-11D3-BF4B-00C04F79EFBC}") = "SimpleAPI", "src\SimpleAPI\SimpleAPI.csproj", "{A6DBE3BE-7408-4245-B7F9-E773D03D85F1}"
EndProject
Project("{2150E333-8FDC-42A3-9474-1A3956D46DE8}") = "test", "test", "{AD3F14EA-B55B-4E92-BC2B-2E3F64180562}"
EndProject
Project("{FAE04EC0-301F-11D3-BF4B-00C04F79EFBC}") = "SimpleAPI.Test", "test\SimpleAPI.Test\SimpleAPI.Test.csproj", "{335E73B8-BD51-4D82-8F28-7C931396BCEA}"
EndProject
Global
	GlobalSection(SolutionConfigurationPlatforms) = preSolution
		Debug|Any CPU = Debug|Any CPU
		Debug|x64 = Debug|x64
		Debug|x86 = Debug|x86
		Release|Any CPU = Release|Any CPU
		Release|x64 = Release|x64
		Release|x86 = Release|x86
	EndGlobalSection
	GlobalSection(SolutionProperties) = preSolution
		HideSolutionNode = FALSE
	EndGlobalSection
	GlobalSection(ProjectConfigurationPlatforms) = postSolution
		{A6DBE3BE-7408-4245-B7F9-E773D03D85F1}.Debug|Any CPU.ActiveCfg = Debug|Any CPU
		{A6DBE3BE-7408-4245-B7F9-E773D03D85F1}.Debug|Any CPU.Build.0 = Debug|Any CPU
		{A6DBE3BE-7408-4245-B7F9-E773D03D85F1}.Debug|x64.ActiveCfg = Debug|Any CPU
		{A6DBE3BE-7408-4245-B7F9-E773D03D85F1}.Debug|x64.Build.0 = Debug|Any CPU
		{A6DBE3BE-7408-4245-B7F9-E773D03D85F1}.Debug|x86.ActiveCfg = Debug|Any CPU
		{A6DBE3BE-7408-4245-B7F9-E773D03D85F1}.Debug|x86.Build.0 = Debug|Any CPU
		{A6DBE3BE-7408-4245-B7F9-E773D03D85F1}.Release|Any CPU.ActiveCfg = Release|Any CPU
		{A6DBE3BE-7408-4245-B7F9-E773D03D85F1}.Release|Any CPU.Build.0 = Release|Any CPU
		{A6DBE3BE-7408-4245-B7F9-E773D03D85F1}.Release|x64.ActiveCfg = Release|Any CPU
		{A6DBE3BE-7408-4245-B7F9-E773D03D85F1}.Release|x64.Build.0 = Release|Any CPU
		{A6DBE3BE-7408-4245-B7F9-E773D03D85F1}.Release|x86.ActiveCfg = Release|Any CPU
		{A6DBE3BE-7408-4245-B7F9-E773D03D85F1}.Release|x86.Build.0 = Release|Any CPU
		{335E73B8-BD51-4D82-8F28-7C931396BCEA}.Debug|Any CPU.ActiveCfg = Debug|Any CPU
		{335E73B8-BD51-4D82-8F28-7C931396BCEA}.Debug|Any CPU.Build.0 = Debug|Any CPU
		{335E73B8-BD51-4D82-8F28-7C931396BCEA}.Debug|x64.ActiveCfg = Debug|Any CPU
		{335E73B8-BD51-4D82-8F28-7C931396BCEA}.Debug|x64.Build.0 = Debug|Any CPU
		{335E73B8-BD51-4D82-8F28-7C931396BCEA}.Debug|x86.ActiveCfg = Debug|Any CPU
		{335E73B8-BD51-4D82-8F28-7C931396BCEA}.Debug|x86.Build.0 = Debug|Any CPU
		{335E73B8-BD51-4D82-8F28-7C931396BCEA}.Release|Any CPU.ActiveCfg = Release|Any CPU
		{335E73B8-BD51-4D82-8F28-7C931396BCEA}.Release|Any CPU.Build.0 = Release|Any CPU
		{335E73B8-BD51-4D82-8F28-7C931396BCEA}.Release|x64.ActiveCfg = Release|Any CPU
		{335E73B8-BD51-4D82-8F28-7C931396BCEA}.Release|x64.Build.0 = Release|Any CPU
		{335E73B8-BD51-4D82-8F28-7C931396BCEA}.Release|x86.ActiveCfg = Release|Any CPU
		{335E73B8-BD51-4D82-8F28-7C931396BCEA}.Release|x86.Build.0 = Release|Any CPU
	EndGlobalSection
	GlobalSection(NestedProjects) = preSolution
		{A6DBE3BE-7408-4245-B7F9-E773D03D85F1} = {18EC8019-273B-4281-A2CC-5A0B523CAEFD}
		{335E73B8-BD51-4D82-8F28-7C931396BCEA} = {AD3F14EA-B55B-4E92-BC2B-2E3F64180562}
	EndGlobalSection
EndGlobal
